lockfileVersion: '6.0'

settings:
  autoInstallPeers: true
  excludeLinksFromLockfile: false

dependencies:
  '@hey-api/openapi-ts':
    specifier: ^0.43.0
    version: 0.43.0(typescript@5.4.5)
  '@microsoft/fetch-event-source':
    specifier: ^2.0.1
    version: 2.0.1
  '@next/env':
    specifier: ^14.2.3
    version: 14.2.3
  '@radix-ui/react-accordion':
    specifier: ^1.2.0
    version: 1.2.0(@types/react-dom@18.3.0)(@types/react@18.3.0)(react-dom@18.3.1)(react@18.3.1)
  '@radix-ui/react-dropdown-menu':
    specifier: ^2.0.6
    version: 2.0.6(@types/react-dom@18.3.0)(@types/react@18.3.0)(react-dom@18.3.1)(react@18.3.1)
  '@radix-ui/react-hover-card':
    specifier: ^1.0.7
    version: 1.0.7(@types/react-dom@18.3.0)(@types/react@18.3.0)(react-dom@18.3.1)(react@18.3.1)
  '@radix-ui/react-icons':
    specifier: ^1.3.0
    version: 1.3.0(react@18.3.1)
  '@radix-ui/react-label':
    specifier: ^2.0.2
    version: 2.0.2(@types/react-dom@18.3.0)(@types/react@18.3.0)(react-dom@18.3.1)(react@18.3.1)
  '@radix-ui/react-select':
    specifier: ^2.0.0
    version: 2.0.0(@types/react-dom@18.3.0)(@types/react@18.3.0)(react-dom@18.3.1)(react@18.3.1)
  '@radix-ui/react-separator':
    specifier: ^1.0.3
    version: 1.0.3(@types/react-dom@18.3.0)(@types/react@18.3.0)(react-dom@18.3.1)(react@18.3.1)
  '@radix-ui/react-slot':
    specifier: ^1.0.2
    version: 1.0.2(@types/react@18.3.0)(react@18.3.1)
  '@radix-ui/react-switch':
    specifier: ^1.0.3
    version: 1.0.3(@types/react-dom@18.3.0)(@types/react@18.3.0)(react-dom@18.3.1)(react@18.3.1)
  '@radix-ui/react-tabs':
    specifier: ^1.1.0
    version: 1.1.0(@types/react-dom@18.3.0)(@types/react@18.3.0)(react-dom@18.3.1)(react@18.3.1)
  '@radix-ui/react-toast':
    specifier: ^1.1.5
    version: 1.1.5(@types/react-dom@18.3.0)(@types/react@18.3.0)(react-dom@18.3.1)(react@18.3.1)
  '@radix-ui/react-toggle':
    specifier: ^1.0.3
    version: 1.0.3(@types/react-dom@18.3.0)(@types/react@18.3.0)(react-dom@18.3.1)(react@18.3.1)
  '@radix-ui/react-tooltip':
    specifier: ^1.0.7
    version: 1.0.7(@types/react-dom@18.3.0)(@types/react@18.3.0)(react-dom@18.3.1)(react@18.3.1)
  '@t3-oss/env-nextjs':
    specifier: ^0.10.1
    version: 0.10.1(typescript@5.4.5)(zod@3.23.8)
  '@tanstack/react-query':
    specifier: ^5.32.0
    version: 5.32.0(react@18.3.1)
  '@vercel/analytics':
    specifier: ^1.2.2
    version: 1.2.2(next@14.2.3)(react@18.3.1)
  class-variance-authority:
    specifier: ^0.7.0
    version: 0.7.0
  clsx:
    specifier: ^2.1.1
    version: 2.1.1
  framer-motion:
    specifier: ^11.1.7
    version: 11.1.7(react-dom@18.3.1)(react@18.3.1)
  geist:
    specifier: ^1.3.0
    version: 1.3.0(next@14.2.3)
  hast-util-from-dom:
    specifier: ^5.0.0
    version: 5.0.0
  lodash:
    specifier: ^4.17.21
    version: 4.17.21
  lucide-react:
    specifier: ^0.376.0
    version: 0.376.0(react@18.3.1)
  moment:
    specifier: ^2.30.1
    version: 2.30.1
  next:
    specifier: 14.2.3
    version: 14.2.3(react-dom@18.3.1)(react@18.3.1)
  next-themes:
    specifier: ^0.3.0
    version: 0.3.0(react-dom@18.3.1)(react@18.3.1)
  react:
    specifier: ^18
    version: 18.3.1
  react-dom:
    specifier: ^18
    version: 18.3.1(react@18.3.1)
  react-icons:
    specifier: ^5.2.1
    version: 5.2.1(react@18.3.1)
  react-markdown:
    specifier: ^9.0.1
    version: 9.0.1(@types/react@18.3.0)(react@18.3.1)
  react-textarea-autosize:
    specifier: ^8.5.3
    version: 8.5.3(@types/react@18.3.0)(react@18.3.1)
  rehype-raw:
    specifier: ^7.0.0
    version: 7.0.0
  tailwind-merge:
    specifier: ^2.3.0
    version: 2.3.0
  tailwindcss-animate:
    specifier: ^1.0.7
    version: 1.0.7(tailwindcss@3.4.3)
  unist-util-visit:
    specifier: ^5.0.0
    version: 5.0.0
  unist-util-visit-parents:
    specifier: ^6.0.1
    version: 6.0.1
  zod:
    specifier: ^3.23.8
    version: 3.23.8
  zustand:
    specifier: ^4.5.2
    version: 4.5.2(@types/react@18.3.0)(react@18.3.1)

devDependencies:
  '@tailwindcss/typography':
    specifier: ^0.5.13
    version: 0.5.13(tailwindcss@3.4.3)
  '@types/lodash':
    specifier: ^4.17.0
    version: 4.17.0
  '@types/node':
    specifier: ^20
    version: 20.12.7
  '@types/react':
    specifier: ^18
    version: 18.3.0
  '@types/react-dom':
    specifier: ^18
    version: 18.3.0
  eslint:
    specifier: ^8
    version: 8.57.0
  eslint-config-next:
    specifier: 14.2.3
    version: 14.2.3(eslint@8.57.0)(typescript@5.4.5)
  openapi-typescript-codegen:
    specifier: ^0.29.0
    version: 0.29.0
  postcss:
    specifier: ^8
    version: 8.4.38
  prettier:
    specifier: ^3.2.5
    version: 3.2.5
  tailwindcss:
    specifier: ^3.4.1
    version: 3.4.3
  typescript:
    specifier: ^5
    version: 5.4.5

packages:

  /@aashutoshrathi/word-wrap@1.2.6:
    resolution: {integrity: sha512-1Yjs2SvM8TflER/OD3cOjhWWOZb58A2t7wpE2S9XfBYTiIl+XFhQG2bjy4Pu1I+EAlCNUzRDYDdBl0g187ufozdaHgWKcYFb61qGiA+4bFTiFlQn1aSgDNZoQXkZk8QSNZJJp538Wrb60Lax4fPwR64ViY468OIUTbRlGck8QSNZJJp538Wrb60Lax4fPwR64ViY468OIUTbRlGck8QSNZJJp538Wrb60Lax4fPwR64ViY468OIUTbRlGck8QSNZJJp538Wrb60Lax4fPwR64ViY468OIUTbRlGck8QSNZJJp538Wrb60Lax4fPwR64ViY468OIUTbRlGck8QSNZJJp538Wrb60Lax4fPwR64ViY468OIUTbRlGck8QSNZJJp538Wrb60Lax4fPwR64ViY468OIUTbRlGck8QSNZJJp538Wrb60Lax4fPwR64ViY468OIUTbRlGck8QSNZJJp538Wrb60Lax4fPwR64ViY468OIUTbRlGck8QSNZJJp538Wrb60Lax4fPwR64ViY468OIUTbRlGck8QSNZJJp538Wrb60Lax4fPwR64ViY468OIUTbRlGck8QSNZJJp538Wrb60Lax4fPwR64ViY468OIUTbRlGck8QSNZJJp538Wrb60Lax4fPwR64ViY468OIUTbRlGck8QSNZJJp538Wrb60Lax4fPwR64ViY468OIUTbRlGck8QSNZJJp538Wrb60Lax4fPwR64ViY468OIUTbRlGck8QSNZJJp538Wrb60Lax4fPwR64ViY468OIUTbRlGck8QSNZJJp538Wrb60Lax4fPwR64ViY468OIUTbRlGck8QSNZJJp538Wrb60Lax4fPwR64ViY468OIUTbRlGck8QSNZJJp538Wrb60Lax4fPwR64ViY468OIUTbRlGck8QSNZJJp538Wrb60Lax4fPwR64ViY468OIUTbRlGck8QSNZJJp538Wrb60Lax4fPwR64ViY468OIUTbRlGck8QSNZJJp538Wrb60Lax4fPwR64ViY468OIUTbRlGck8QSNZJJp538Wrb60Lax4fPwR64ViY468OIUTbRlGck8QSNZJJp538Wrb60Lax4fPwR64ViY468OIUTbRlGck8QSNZJJp538Wrb60Lax4fPwR64ViY468OIUTbRlGck8QSNZJJp538Wrb60Lax4fPwR64ViY468OIUTbRlGck8QSNZJJp538Wrb60Lax4fPwR64ViY468OIUTbRlGck8QSNZJJp538Wrb60Lax4fPwR64ViY468OIUTbRlGck8QSNZJJp538Wrb60Lax4fPwR64ViY468OIUTbRlGck8QSNZJJp538Wrb60Lax4fPwR64ViY468OIUTbRlGck8QSNZJJp538Wrb60Lax4fPwR64ViY468OIUTbRlGck8QSNZJJp538Wrb60Lax4fPwR64ViY468OIUTbRlGck8QSNZJJp538Wrb60Lax4fPwR64ViY468OIUTbRlGck8QSNZJJp538Wrb60Lax4fPwR64ViY468OIUTbRlGck8QSNZJJp538Wrb60Lax4fPwR64ViY468OIUTbRlGck8QSNZJJp538Wrb60Lax4fPwR64ViY468OIUTbRlGck8QSNZJJp538Wrb60Lax4fPwR64ViY468OIUTbRlGck8QSNZJJp538Wrb60Lax4fPwR64ViY468OIUTbRlGck8QSNZJJp538Wrb60Lax4fPwR64ViY468OIUTbRlGck8QSNZJJp538Wrb60Lax4fPwR64ViY468OIUTbRlGck8QSNZJJp538Wrb60Lax4fPwR64ViY468OIUTbRlGck8QSNZJJp538Wrb60Lax4fPwR64ViY468OIUTbRlGck8QSNZJJp538Wrb60Lax4fPwR64ViY468OIUTbRlGck8QSNZJJp538Wrb60Lax4fPwR64ViY468OIUTbRlGck8QSNZJJp538Wrb60Lax4fPwR64ViY468OIUTbRlGck8QSNZJJp538Wrb60Lax4fPwR64ViY468OIUTbRlGck8QSNZJJp538Wrb60Lax4fPwR64ViY468OIUTbRlGck8QSNZJJp538Wrb60Lax4fPwR64ViY468OIUTbRlGck8QSNZJJp538Wrb60Lax4fPwR64ViY468OIUTbRlGck8QSNZJJp538Wrb60Lax4fPwR64ViY468OIUTbRlGck8QSNZJJp538Wrb60Lax4fPwR64ViY468OIUTbRlGck8QSNZJJp538Wrb60Lax4fPwR64ViY468OIUTbRlGck8QSNZJJp538Wrb60Lax4fPwR64ViY468OIUTbRlGck8QSNZJJp538Wrb60Lax4fPwR64ViY468OIUTbRlGck8QSNZJJp538Wrb60Lax4fPwR64ViY468OIUTbRlGck8QSNZJJp538Wrb60Lax4fPwR64ViY468OIUTbRlGck8QSNZJJp538Wrb60Lax4fPwR64ViY468OIUTbRlGck8QSNZJJp538Wrb60Lax4fPwR64ViY468OIUTbRlGck8QSNZJJp538Wrb60Lax4fPwR64ViY468OIUTbRlGck8QSNZJJp538Wrb60Lax4fPwR64ViY468OIUTbRlGck8QSNZJJp538Wrb60Lax4fPwR64ViY468OIUTbRlGck8QSNZJJp538Wrb60Lax4fPwR64ViY468OIUTbRlGck8QSNZJJp538Wrb60Lax4fPwR64ViY468OIUTbRlGck8QSNZJJp538Wrb60Lax4fPwR64ViY468OIUTbRlGck8QSNZJJp538Wrb60Lax4fPwR64ViY468OIUTbRlGck8QSNZJJp538Wrb60Lax4fPwR64ViY468OIUTbRlGck8QSNZJJp538Wrb60Lax4fPwR64ViY468OIUTbRlGck8QSNZJJp538Wrb60Lax4fPwR64ViY468OIUTbRlGck8QSNZJJp538Wrb60Lax4fPwR64ViY468OIUTbRlGck8QSNZJJp538Wrb60Lax4fPwR64ViY468OIUTbRlGck8QSNZJJp538Wrb60Lax4fPwR64ViY468OIUTbRlGck8QSNZJJp538Wrb60Lax4fPwR64ViY468OIUTbRlGck8QSNZJJp538Wrb60Lax4fPwR64ViY468OIUTbRlGck8QSNZJJp538Wrb60Lax4fPwR64ViY468OIUTbRlGck8QSNZJJp538Wrb60Lax4fPwR64ViY468OIUTbRlGck8QSNZJJp538Wrb60Lax4fPwR64ViY468OIUTbRlGck8QSNZJJp538Wrb60Lax4fPwR64ViY468OIUTbRlGck8QSNZJJp538Wrb60Lax4fPwR64ViY468OIUTbRlGck8QSNZJJp538Wrb60Lax4fPwR64ViY468OIUTbRlGck8QSNZJJp538Wrb60Lax4fPwR64ViY468OIUTbRlGck8QSNZJJp538Wrb60Lax4fPwR64ViY468OIUTbRlGck8QSNZJJp538Wrb60Lax4fPwR64ViY468OIUTbRlGck8QSNZJJp538Wrb60Lax4fPwR64ViY468OIUTbRlGck8QSNZJJp538Wrb60Lax4fPwR64ViY468OIUTbRlGck8QSNZJJp538Wrb60Lax4fPwR64ViY468OIUTbRlGck8QSNZJJp538Wrb60Lax4fPwR64ViY468OIUTbRlGck8QSNZJJp538Wrb60Lax4fPwR64ViY468OIUTbRlGck8QSNZJJp538Wrb60Lax4fPwR64ViY468OI
==}
    engines: {node: '>=0.10.0'}
    dev: true

